
Microsoft Visual Studio Solution File, Format Version 12.00
# Visual Studio Version 17
VisualStudioVersion = 17.3.32811.315
MinimumVisualStudioVersion = 10.0.40219.1
Project("{9A19103F-16F7-4668-BE54-9A1E7A4F7556}") = "ITalentBlog.Core", "ITalentBlog.Core\ITalentBlog.Core.csproj", "{7CEBB4F3-E614-4EEA-B8F2-8687E3731CD1}"
EndProject
Project("{9A19103F-16F7-4668-BE54-9A1E7A4F7556}") = "ITalentBlog.Repository", "ITalentBlog.Repository\ITalentBlog.Repository.csproj", "{B957B2EB-EDCA-4CD3-B82E-2D6DC74FF8F2}"
EndProject
Project("{9A19103F-16F7-4668-BE54-9A1E7A4F7556}") = "ITalentBlog.Services", "ITalentBlog.Services\ITalentBlog.Services.csproj", "{838EC225-5223-4951-94DA-D38185E9632E}"
EndProject
Project("{9A19103F-16F7-4668-BE54-9A1E7A4F7556}") = "ITalentBlog.Web", "ITalentBlog.Web\ITalentBlog.Web.csproj", "{B24F214B-B5D9-42D0-A8FD-D83824B608E9}"
EndProject
Project("{9A19103F-16F7-4668-BE54-9A1E7A4F7556}") = "ITalentBlog.API", "ITalentBlog.API\ITalentBlog.API.csproj", "{2CC4050A-C021-44CC-B275-09D2B9D9ADD9}"
EndProject
Global
	GlobalSection(SolutionConfigurationPlatforms) = preSolution
		Debug|Any CPU = Debug|Any CPU
		Release|Any CPU = Release|Any CPU
	EndGlobalSection
	GlobalSection(ProjectConfigurationPlatforms) = postSolution
		{7CEBB4F3-E614-4EEA-B8F2-8687E3731CD1}.Debug|Any CPU.ActiveCfg = Debug|Any CPU
		{7CEBB4F3-E614-4EEA-B8F2-8687E3731CD1}.Debug|Any CPU.Build.0 = Debug|Any CPU
		{7CEBB4F3-E614-4EEA-B8F2-8687E3731CD1}.Release|Any CPU.ActiveCfg = Release|Any CPU
		{7CEBB4F3-E614-4EEA-B8F2-8687E3731CD1}.Release|Any CPU.Build.0 = Release|Any CPU
		{B957B2EB-EDCA-4CD3-B82E-2D6DC74FF8F2}.Debug|Any CPU.ActiveCfg = Debug|Any CPU
		{B957B2EB-EDCA-4CD3-B82E-2D6DC74FF8F2}.Debug|Any CPU.Build.0 = Debug|Any CPU
		{B957B2EB-EDCA-4CD3-B82E-2D6DC74FF8F2}.Release|Any CPU.ActiveCfg = Release|Any CPU
		{B957B2EB-EDCA-4CD3-B82E-2D6DC74FF8F2}.Release|Any CPU.Build.0 = Release|Any CPU
		{838EC225-5223-4951-94DA-D38185E9632E}.Debug|Any CPU.ActiveCfg = Debug|Any CPU
		{838EC225-5223-4951-94DA-D38185E9632E}.Debug|Any CPU.Build.0 = Debug|Any CPU
		{838EC225-5223-4951-94DA-D38185E9632E}.Release|Any CPU.ActiveCfg = Release|Any CPU
		{838EC225-5223-4951-94DA-D38185E9632E}.Release|Any CPU.Build.0 = Release|Any CPU
		{B24F214B-B5D9-42D0-A8FD-D83824B608E9}.Debug|Any CPU.ActiveCfg = Debug|Any CPU
		{B24F214B-B5D9-42D0-A8FD-D83824B608E9}.Debug|Any CPU.Build.0 = Debug|Any CPU
		{B24F214B-B5D9-42D0-A8FD-D83824B608E9}.Release|Any CPU.ActiveCfg = Release|Any CPU
		{B24F214B-B5D9-42D0-A8FD-D83824B608E9}.Release|Any CPU.Build.0 = Release|Any CPU
		{2CC4050A-C021-44CC-B275-09D2B9D9ADD9}.Debug|Any CPU.ActiveCfg = Debug|Any CPU
		{2CC4050A-C021-44CC-B275-09D2B9D9ADD9}.Debug|Any CPU.Build.0 = Debug|Any CPU
		{2CC4050A-C021-44CC-B275-09D2B9D9ADD9}.Release|Any CPU.ActiveCfg = Release|Any CPU
		{2CC4050A-C021-44CC-B275-09D2B9D9ADD9}.Release|Any CPU.Build.0 = Release|Any CPU
	EndGlobalSection
	GlobalSection(SolutionProperties) = preSolution
		HideSolutionNode = FALSE
	EndGlobalSection
	GlobalSection(ExtensibilityGlobals) = postSolution
		SolutionGuid = {1E895DA8-DCCE-40D9-8035-C3AC69DA0E5B}
	EndGlobalSection
EndGlobal
