
Microsoft Visual Studio Solution File, Format Version 12.00
# Visual Studio Version 17
VisualStudioVersion = 17.3.32811.315
MinimumVisualStudioVersion = 10.0.40219.1
Project("{FAE04EC0-301F-11D3-BF4B-00C04F79EFBC}") = "ITalentBlogWebApp", "ITalentBlogWebApp\ITalentBlogWebApp.csproj", "{B295452A-F046-4EDD-8B1B-49A3236CAD8B}"
EndProject
Global
	GlobalSection(SolutionConfigurationPlatforms) = preSolution
		Debug|Any CPU = Debug|Any CPU
		Release|Any CPU = Release|Any CPU
	EndGlobalSection
	GlobalSection(ProjectConfigurationPlatforms) = postSolution
		{B295452A-F046-4EDD-8B1B-49A3236CAD8B}.Debug|Any CPU.ActiveCfg = Debug|Any CPU
		{B295452A-F046-4EDD-8B1B-49A3236CAD8B}.Debug|Any CPU.Build.0 = Debug|Any CPU
		{B295452A-F046-4EDD-8B1B-49A3236CAD8B}.Release|Any CPU.ActiveCfg = Release|Any CPU
		{B295452A-F046-4EDD-8B1B-49A3236CAD8B}.Release|Any CPU.Build.0 = Release|Any CPU
	EndGlobalSection
	GlobalSection(SolutionProperties) = preSolution
		HideSolutionNode = FALSE
	EndGlobalSection
	GlobalSection(ExtensibilityGlobals) = postSolution
		SolutionGuid = {1E895DA8-DCCE-40D9-8035-C3AC69DA0E5B}
	EndGlobalSection
EndGlobal
